
Microsoft Visual Studio Solution File, Format Version 12.00
# Visual Studio 14
VisualStudioVersion = 14.0.25420.1
MinimumVisualStudioVersion = 10.0.40219.1
Project("{FAE04EC0-301F-11D3-BF4B-00C04F79EFBC}") = "iayos.core.finance", "iayos.Core.Finance\iayos.core.finance.csproj", "{C5FC8A15-742E-47AB-BA79-4211A0C7F508}"
EndProject
Project("{2150E333-8FDC-42A3-9474-1A3956D46DE8}") = "BuildAndDeploy", "BuildAndDeploy", "{DAD149F5-D5A3-42AC-99C9-614FCACDECE5}"
	ProjectSection(SolutionItems) = preProject
		iayos.core.finance\iayos.core.finance.nuspec = iayos.core.finance\iayos.core.finance.nuspec
	EndProjectSection
EndProject
Global
	GlobalSection(SolutionConfigurationPlatforms) = preSolution
		Debug|Any CPU = Debug|Any CPU
		Release|Any CPU = Release|Any CPU
	EndGlobalSection
	GlobalSection(ProjectConfigurationPlatforms) = postSolution
		{C5FC8A15-742E-47AB-BA79-4211A0C7F508}.Debug|Any CPU.ActiveCfg = Debug|Any CPU
		{C5FC8A15-742E-47AB-BA79-4211A0C7F508}.Debug|Any CPU.Build.0 = Debug|Any CPU
		{C5FC8A15-742E-47AB-BA79-4211A0C7F508}.Release|Any CPU.ActiveCfg = Release|Any CPU
		{C5FC8A15-742E-47AB-BA79-4211A0C7F508}.Release|Any CPU.Build.0 = Release|Any CPU
	EndGlobalSection
	GlobalSection(SolutionProperties) = preSolution
		HideSolutionNode = FALSE
	EndGlobalSection
EndGlobal
